
Microsoft Visual Studio Solution File, Format Version 12.00
# Visual Studio Version 17
VisualStudioVersion = 17.13.35806.99 d17.13
MinimumVisualStudioVersion = 10.0.40219.1
Project("{FAE04EC0-301F-11D3-BF4B-00C04F79EFBC}") = "AL-Sem-3-Course-Project-I-Give-Up", "AL-Sem-3-Course-Project-I-Give-Up.csproj", "{DEBE9112-969C-456A-BF3A-30B2918C9AEC}"
EndProject
Global
	GlobalSection(SolutionConfigurationPlatforms) = preSolution
		Debug|Any CPU = Debug|Any CPU
		Release|Any CPU = Release|Any CPU
	EndGlobalSection
	GlobalSection(ProjectConfigurationPlatforms) = postSolution
		{DEBE9112-969C-456A-BF3A-30B2918C9AEC}.Debug|Any CPU.ActiveCfg = Debug|Any CPU
		{DEBE9112-969C-456A-BF3A-30B2918C9AEC}.Debug|Any CPU.Build.0 = Debug|Any CPU
		{DEBE9112-969C-456A-BF3A-30B2918C9AEC}.Release|Any CPU.ActiveCfg = Release|Any CPU
		{DEBE9112-969C-456A-BF3A-30B2918C9AEC}.Release|Any CPU.Build.0 = Release|Any CPU
	EndGlobalSection
	GlobalSection(SolutionProperties) = preSolution
		HideSolutionNode = FALSE
	EndGlobalSection
	GlobalSection(ExtensibilityGlobals) = postSolution
		SolutionGuid = {41BE90AA-D1B7-4EBC-8D1C-5D65428EC2AA}
	EndGlobalSection
EndGlobal
